// !$*UTF8*$!
{
	archiveVersion = 1;
	classes = {
	};
	objectVersion = 51;
	objects = {

/* Begin PBXBuildFile section */
		1124592F244FA3860004FCF6 /* AppCoordinator.swift in Sources */ = {isa = PBXBuildFile; fileRef = 1124592E244FA3860004FCF6 /* AppCoordinator.swift */; };
		11463DB32447063B0057F498 /* Coordinator.swift in Sources */ = {isa = PBXBuildFile; fileRef = 11463DB22447063B0057F498 /* Coordinator.swift */; };
		11463DB6244706AC0057F498 /* Logger.swift in Sources */ = {isa = PBXBuildFile; fileRef = 11463DB5244706AC0057F498 /* Logger.swift */; };
		11463DB82447073E0057F498 /* BaseCoordinator.swift in Sources */ = {isa = PBXBuildFile; fileRef = 11463DB72447073E0057F498 /* BaseCoordinator.swift */; };
		11463DBD244707940057F498 /* SearchMovieCoordinator.swift in Sources */ = {isa = PBXBuildFile; fileRef = 11463DBC244707940057F498 /* SearchMovieCoordinator.swift */; };
		11463DC2244708200057F498 /* Storyboarded.swift in Sources */ = {isa = PBXBuildFile; fileRef = 11463DC1244708200057F498 /* Storyboarded.swift */; };
		117A19A524520EC100F50457 /* HttpRouter.swift in Sources */ = {isa = PBXBuildFile; fileRef = 117A19A424520EC100F50457 /* HttpRouter.swift */; };
		117A19A92452101500F50457 /* HttpService.swift in Sources */ = {isa = PBXBuildFile; fileRef = 117A19A82452101500F50457 /* HttpService.swift */; };
		117A19AD2452111100F50457 /* RequesterService.swift in Sources */ = {isa = PBXBuildFile; fileRef = 117A19AC2452111100F50457 /* RequesterService.swift */; };
		117A19AF245211D400F50457 /* SearchMovieHttpRouter.swift in Sources */ = {isa = PBXBuildFile; fileRef = 117A19AE245211D400F50457 /* SearchMovieHttpRouter.swift */; };
		117A19B2245217D600F50457 /* SearchMovideAPI.swift in Sources */ = {isa = PBXBuildFile; fileRef = 117A19B1245217D600F50457 /* SearchMovideAPI.swift */; };
		117A19B42452180C00F50457 /* SearchMovieService.swift in Sources */ = {isa = PBXBuildFile; fileRef = 117A19B32452180C00F50457 /* SearchMovieService.swift */; };
		117A19B72452184D00F50457 /* MovieModel.swift in Sources */ = {isa = PBXBuildFile; fileRef = 117A19B62452184D00F50457 /* MovieModel.swift */; };
		11EE84492446F2A2000B3158 /* AppDelegate.swift in Sources */ = {isa = PBXBuildFile; fileRef = 11EE84482446F2A2000B3158 /* AppDelegate.swift */; };
		11EE844B2446F2A2000B3158 /* SceneDelegate.swift in Sources */ = {isa = PBXBuildFile; fileRef = 11EE844A2446F2A2000B3158 /* SceneDelegate.swift */; };
		11EE844D2446F2A2000B3158 /* SearchMovieViewController.swift in Sources */ = {isa = PBXBuildFile; fileRef = 11EE844C2446F2A2000B3158 /* SearchMovieViewController.swift */; };
		11EE84502446F2A2000B3158 /* SearchMovieViewController.storyboard in Resources */ = {isa = PBXBuildFile; fileRef = 11EE844E2446F2A2000B3158 /* SearchMovieViewController.storyboard */; };
		11EE84522446F2A3000B3158 /* Assets.xcassets in Resources */ = {isa = PBXBuildFile; fileRef = 11EE84512446F2A3000B3158 /* Assets.xcassets */; };
		11EE84552446F2A3000B3158 /* LaunchScreen.storyboard in Resources */ = {isa = PBXBuildFile; fileRef = 11EE84532446F2A3000B3158 /* LaunchScreen.storyboard */; };
		11EE845E2446F86F000B3158 /* SearchMovieViewModel.swift in Sources */ = {isa = PBXBuildFile; fileRef = 11EE845D2446F86F000B3158 /* SearchMovieViewModel.swift */; };
		1330A178B68B47514A8838B6 /* Pods_SearchMovie.framework in Frameworks */ = {isa = PBXBuildFile; fileRef = F649454122326BFA88B236FB /* Pods_SearchMovie.framework */; };
/* End PBXBuildFile section */

/* Begin PBXFileReference section */
		1124592E244FA3860004FCF6 /* AppCoordinator.swift */ = {isa = PBXFileReference; lastKnownFileType = sourcecode.swift; path = AppCoordinator.swift; sourceTree = "<group>"; };
		11463DB22447063B0057F498 /* Coordinator.swift */ = {isa = PBXFileReference; lastKnownFileType = sourcecode.swift; path = Coordinator.swift; sourceTree = "<group>"; };
		11463DB5244706AC0057F498 /* Logger.swift */ = {isa = PBXFileReference; lastKnownFileType = sourcecode.swift; path = Logger.swift; sourceTree = "<group>"; };
		11463DB72447073E0057F498 /* BaseCoordinator.swift */ = {isa = PBXFileReference; lastKnownFileType = sourcecode.swift; path = BaseCoordinator.swift; sourceTree = "<group>"; };
		11463DBC244707940057F498 /* SearchMovieCoordinator.swift */ = {isa = PBXFileReference; lastKnownFileType = sourcecode.swift; path = SearchMovieCoordinator.swift; sourceTree = "<group>"; };
		11463DC1244708200057F498 /* Storyboarded.swift */ = {isa = PBXFileReference; lastKnownFileType = sourcecode.swift; path = Storyboarded.swift; sourceTree = "<group>"; };
		117A19A424520EC100F50457 /* HttpRouter.swift */ = {isa = PBXFileReference; lastKnownFileType = sourcecode.swift; path = HttpRouter.swift; sourceTree = "<group>"; };
		117A19A82452101500F50457 /* HttpService.swift */ = {isa = PBXFileReference; lastKnownFileType = sourcecode.swift; path = HttpService.swift; sourceTree = "<group>"; };
		117A19AC2452111100F50457 /* RequesterService.swift */ = {isa = PBXFileReference; lastKnownFileType = sourcecode.swift; path = RequesterService.swift; sourceTree = "<group>"; };
		117A19AE245211D400F50457 /* SearchMovieHttpRouter.swift */ = {isa = PBXFileReference; lastKnownFileType = sourcecode.swift; path = SearchMovieHttpRouter.swift; sourceTree = "<group>"; };
		117A19B1245217D600F50457 /* SearchMovideAPI.swift */ = {isa = PBXFileReference; lastKnownFileType = sourcecode.swift; path = SearchMovideAPI.swift; sourceTree = "<group>"; };
		117A19B32452180C00F50457 /* SearchMovieService.swift */ = {isa = PBXFileReference; lastKnownFileType = sourcecode.swift; path = SearchMovieService.swift; sourceTree = "<group>"; };
		117A19B62452184D00F50457 /* MovieModel.swift */ = {isa = PBXFileReference; lastKnownFileType = sourcecode.swift; path = MovieModel.swift; sourceTree = "<group>"; };
		11EE84452446F2A2000B3158 /* SearchMovie.app */ = {isa = PBXFileReference; explicitFileType = wrapper.application; includeInIndex = 0; path = SearchMovie.app; sourceTree = BUILT_PRODUCTS_DIR; };
		11EE84482446F2A2000B3158 /* AppDelegate.swift */ = {isa = PBXFileReference; lastKnownFileType = sourcecode.swift; path = AppDelegate.swift; sourceTree = "<group>"; };
		11EE844A2446F2A2000B3158 /* SceneDelegate.swift */ = {isa = PBXFileReference; lastKnownFileType = sourcecode.swift; path = SceneDelegate.swift; sourceTree = "<group>"; };
		11EE844C2446F2A2000B3158 /* SearchMovieViewController.swift */ = {isa = PBXFileReference; lastKnownFileType = sourcecode.swift; path = SearchMovieViewController.swift; sourceTree = "<group>"; };
		11EE844F2446F2A2000B3158 /* Base */ = {isa = PBXFileReference; lastKnownFileType = file.storyboard; name = Base; path = Base.lproj/SearchMovieViewController.storyboard; sourceTree = "<group>"; };
		11EE84512446F2A3000B3158 /* Assets.xcassets */ = {isa = PBXFileReference; lastKnownFileType = folder.assetcatalog; path = Assets.xcassets; sourceTree = "<group>"; };
		11EE84542446F2A3000B3158 /* Base */ = {isa = PBXFileReference; lastKnownFileType = file.storyboard; name = Base; path = Base.lproj/LaunchScreen.storyboard; sourceTree = "<group>"; };
		11EE84562446F2A3000B3158 /* Info.plist */ = {isa = PBXFileReference; lastKnownFileType = text.plist.xml; path = Info.plist; sourceTree = "<group>"; };
		11EE845D2446F86F000B3158 /* SearchMovieViewModel.swift */ = {isa = PBXFileReference; lastKnownFileType = sourcecode.swift; path = SearchMovieViewModel.swift; sourceTree = "<group>"; };
		1A2FA761FC68C1CF5B32101D /* Pods-SearchMovie.release.xcconfig */ = {isa = PBXFileReference; includeInIndex = 1; lastKnownFileType = text.xcconfig; name = "Pods-SearchMovie.release.xcconfig"; path = "Target Support Files/Pods-SearchMovie/Pods-SearchMovie.release.xcconfig"; sourceTree = "<group>"; };
		4AEA35AE742082F7CA130A61 /* Pods-SearchMovie.debug.xcconfig */ = {isa = PBXFileReference; includeInIndex = 1; lastKnownFileType = text.xcconfig; name = "Pods-SearchMovie.debug.xcconfig"; path = "Target Support Files/Pods-SearchMovie/Pods-SearchMovie.debug.xcconfig"; sourceTree = "<group>"; };
		F649454122326BFA88B236FB /* Pods_SearchMovie.framework */ = {isa = PBXFileReference; explicitFileType = wrapper.framework; includeInIndex = 0; path = Pods_SearchMovie.framework; sourceTree = BUILT_PRODUCTS_DIR; };
/* End PBXFileReference section */

/* Begin PBXFrameworksBuildPhase section */
		11EE84422446F2A2000B3158 /* Frameworks */ = {
			isa = PBXFrameworksBuildPhase;
			buildActionMask = 2147483647;
			files = (
				1330A178B68B47514A8838B6 /* Pods_SearchMovie.framework in Frameworks */,
			);
			runOnlyForDeploymentPostprocessing = 0;
		};
/* End PBXFrameworksBuildPhase section */

/* Begin PBXGroup section */
		11463DB4244706A30057F498 /* Service */ = {
			isa = PBXGroup;
			children = (
				117A19B0245217BE00F50457 /* SearchMovieService */,
				117A19A724520ED100F50457 /* Logger */,
				117A19A624520EC400F50457 /* Network */,
			);
			path = Service;
			sourceTree = "<group>";
		};
		11463DB92447075B0057F498 /* Controllers */ = {
			isa = PBXGroup;
			children = (
				11EE845C2446F858000B3158 /* SearchMovie */,
			);
			path = Controllers;
			sourceTree = "<group>";
		};
		11463DBA244707670057F498 /* System */ = {
			isa = PBXGroup;
			children = (
				11EE84482446F2A2000B3158 /* AppDelegate.swift */,
				11EE844A2446F2A2000B3158 /* SceneDelegate.swift */,
			);
			path = System;
			sourceTree = "<group>";
		};
		11463DBE244708060057F498 /* Storyboarded */ = {
			isa = PBXGroup;
			children = (
				11463DC1244708200057F498 /* Storyboarded.swift */,
			);
			path = Storyboarded;
			sourceTree = "<group>";
		};
		117A19A624520EC400F50457 /* Network */ = {
			isa = PBXGroup;
			children = (
				117A19A424520EC100F50457 /* HttpRouter.swift */,
				117A19A82452101500F50457 /* HttpService.swift */,
				117A19AC2452111100F50457 /* RequesterService.swift */,
			);
			path = Network;
			sourceTree = "<group>";
		};
		117A19A724520ED100F50457 /* Logger */ = {
			isa = PBXGroup;
			children = (
				11463DB5244706AC0057F498 /* Logger.swift */,
			);
			path = Logger;
			sourceTree = "<group>";
		};
		117A19B0245217BE00F50457 /* SearchMovieService */ = {
			isa = PBXGroup;
			children = (
				117A19B62452184D00F50457 /* MovieModel.swift */,
				117A19AE245211D400F50457 /* SearchMovieHttpRouter.swift */,
				117A19B1245217D600F50457 /* SearchMovideAPI.swift */,
				117A19B32452180C00F50457 /* SearchMovieService.swift */,
			);
			path = SearchMovieService;
			sourceTree = "<group>";
		};
		117A19B52452183700F50457 /* Model */ = {
			isa = PBXGroup;
			children = (
			);
			path = Model;
			sourceTree = "<group>";
		};
		11C81B132446FB0F004C79E3 /* Coordinator */ = {
			isa = PBXGroup;
			children = (
				11463DBE244708060057F498 /* Storyboarded */,
				11463DB22447063B0057F498 /* Coordinator.swift */,
				11463DB72447073E0057F498 /* BaseCoordinator.swift */,
				1124592E244FA3860004FCF6 /* AppCoordinator.swift */,
			);
			path = Coordinator;
			sourceTree = "<group>";
		};
		11EE843C2446F2A2000B3158 = {
			isa = PBXGroup;
			children = (
				11EE84472446F2A2000B3158 /* SearchMovie */,
				11EE84462446F2A2000B3158 /* Products */,
				7E6C44A8A4367475C0B13215 /* Pods */,
				13DCB6C98B786DC706AE7865 /* Frameworks */,
			);
			sourceTree = "<group>";
		};
		11EE84462446F2A2000B3158 /* Products */ = {
			isa = PBXGroup;
			children = (
				11EE84452446F2A2000B3158 /* SearchMovie.app */,
			);
			name = Products;
			sourceTree = "<group>";
		};
		11EE84472446F2A2000B3158 /* SearchMovie */ = {
			isa = PBXGroup;
			children = (
				117A19B52452183700F50457 /* Model */,
				11463DBA244707670057F498 /* System */,
				11463DB4244706A30057F498 /* Service */,
				11C81B132446FB0F004C79E3 /* Coordinator */,
				11463DB92447075B0057F498 /* Controllers */,
				11EE844E2446F2A2000B3158 /* SearchMovieViewController.storyboard */,
				11EE84512446F2A3000B3158 /* Assets.xcassets */,
				11EE84532446F2A3000B3158 /* LaunchScreen.storyboard */,
				11EE84562446F2A3000B3158 /* Info.plist */,
			);
			path = SearchMovie;
			sourceTree = "<group>";
		};
		11EE845C2446F858000B3158 /* SearchMovie */ = {
			isa = PBXGroup;
			children = (
				11EE844C2446F2A2000B3158 /* SearchMovieViewController.swift */,
				11EE845D2446F86F000B3158 /* SearchMovieViewModel.swift */,
				11463DBC244707940057F498 /* SearchMovieCoordinator.swift */,
			);
			path = SearchMovie;
			sourceTree = "<group>";
		};
		13DCB6C98B786DC706AE7865 /* Frameworks */ = {
			isa = PBXGroup;
			children = (
				F649454122326BFA88B236FB /* Pods_SearchMovie.framework */,
			);
			name = Frameworks;
			sourceTree = "<group>";
		};
		7E6C44A8A4367475C0B13215 /* Pods */ = {
			isa = PBXGroup;
			children = (
				4AEA35AE742082F7CA130A61 /* Pods-SearchMovie.debug.xcconfig */,
				1A2FA761FC68C1CF5B32101D /* Pods-SearchMovie.release.xcconfig */,
			);
			path = Pods;
			sourceTree = "<group>";
		};
/* End PBXGroup section */

/* Begin PBXNativeTarget section */
		11EE84442446F2A2000B3158 /* SearchMovie */ = {
			isa = PBXNativeTarget;
			buildConfigurationList = 11EE84592446F2A3000B3158 /* Build configuration list for PBXNativeTarget "SearchMovie" */;
			buildPhases = (
				E281E0502BA1058689685C74 /* [CP] Check Pods Manifest.lock */,
				11EE84412446F2A2000B3158 /* Sources */,
				11EE84422446F2A2000B3158 /* Frameworks */,
				11EE84432446F2A2000B3158 /* Resources */,
				15378990315F873DCD977C1F /* [CP] Embed Pods Frameworks */,
			);
			buildRules = (
			);
			dependencies = (
			);
			name = SearchMovie;
			productName = SearchMovie;
			productReference = 11EE84452446F2A2000B3158 /* SearchMovie.app */;
			productType = "com.apple.product-type.application";
		};
/* End PBXNativeTarget section */

/* Begin PBXProject section */
		11EE843D2446F2A2000B3158 /* Project object */ = {
			isa = PBXProject;
			attributes = {
				LastSwiftUpdateCheck = 1110;
				LastUpgradeCheck = 1110;
				ORGANIZATIONNAME = AlexanderKogut;
				TargetAttributes = {
					11EE84442446F2A2000B3158 = {
						CreatedOnToolsVersion = 11.1;
					};
				};
			};
			buildConfigurationList = 11EE84402446F2A2000B3158 /* Build configuration list for PBXProject "SearchMovie" */;
			compatibilityVersion = "Xcode 9.3";
			developmentRegion = en;
			hasScannedForEncodings = 0;
			knownRegions = (
				en,
				Base,
			);
			mainGroup = 11EE843C2446F2A2000B3158;
			productRefGroup = 11EE84462446F2A2000B3158 /* Products */;
			projectDirPath = "";
			projectRoot = "";
			targets = (
				11EE84442446F2A2000B3158 /* SearchMovie */,
			);
		};
/* End PBXProject section */

/* Begin PBXResourcesBuildPhase section */
		11EE84432446F2A2000B3158 /* Resources */ = {
			isa = PBXResourcesBuildPhase;
			buildActionMask = 2147483647;
			files = (
				11EE84552446F2A3000B3158 /* LaunchScreen.storyboard in Resources */,
				11EE84522446F2A3000B3158 /* Assets.xcassets in Resources */,
				11EE84502446F2A2000B3158 /* SearchMovieViewController.storyboard in Resources */,
			);
			runOnlyForDeploymentPostprocessing = 0;
		};
/* End PBXResourcesBuildPhase section */

/* Begin PBXShellScriptBuildPhase section */
		15378990315F873DCD977C1F /* [CP] Embed Pods Frameworks */ = {
			isa = PBXShellScriptBuildPhase;
			buildActionMask = 2147483647;
			files = (
			);
			inputFileListPaths = (
				"${PODS_ROOT}/Target Support Files/Pods-SearchMovie/Pods-SearchMovie-frameworks-${CONFIGURATION}-input-files.xcfilelist",
			);
			name = "[CP] Embed Pods Frameworks";
			outputFileListPaths = (
				"${PODS_ROOT}/Target Support Files/Pods-SearchMovie/Pods-SearchMovie-frameworks-${CONFIGURATION}-output-files.xcfilelist",
			);
			runOnlyForDeploymentPostprocessing = 0;
			shellPath = /bin/sh;
			shellScript = "\"${PODS_ROOT}/Target Support Files/Pods-SearchMovie/Pods-SearchMovie-frameworks.sh\"\n";
			showEnvVarsInLog = 0;
		};
		E281E0502BA1058689685C74 /* [CP] Check Pods Manifest.lock */ = {
			isa = PBXShellScriptBuildPhase;
			buildActionMask = 2147483647;
			files = (
			);
			inputFileListPaths = (
			);
			inputPaths = (
				"${PODS_PODFILE_DIR_PATH}/Podfile.lock",
				"${PODS_ROOT}/Manifest.lock",
			);
			name = "[CP] Check Pods Manifest.lock";
			outputFileListPaths = (
			);
			outputPaths = (
				"$(DERIVED_FILE_DIR)/Pods-SearchMovie-checkManifestLockResult.txt",
			);
			runOnlyForDeploymentPostprocessing = 0;
			shellPath = /bin/sh;
			shellScript = "diff \"${PODS_PODFILE_DIR_PATH}/Podfile.lock\" \"${PODS_ROOT}/Manifest.lock\" > /dev/null\nif [ $? != 0 ] ; then\n    # print error to STDERR\n    echo \"error: The sandbox is not in sync with the Podfile.lock. Run 'pod install' or update your CocoaPods installation.\" >&2\n    exit 1\nfi\n# This output is used by Xcode 'outputs' to avoid re-running this script phase.\necho \"SUCCESS\" > \"${SCRIPT_OUTPUT_FILE_0}\"\n";
			showEnvVarsInLog = 0;
		};
/* End PBXShellScriptBuildPhase section */

/* Begin PBXSourcesBuildPhase section */
		11EE84412446F2A2000B3158 /* Sources */ = {
			isa = PBXSourcesBuildPhase;
			buildActionMask = 2147483647;
			files = (
				11EE844D2446F2A2000B3158 /* SearchMovieViewController.swift in Sources */,
				117A19A524520EC100F50457 /* HttpRouter.swift in Sources */,
				11463DBD244707940057F498 /* SearchMovieCoordinator.swift in Sources */,
				1124592F244FA3860004FCF6 /* AppCoordinator.swift in Sources */,
				11EE84492446F2A2000B3158 /* AppDelegate.swift in Sources */,
				117A19A92452101500F50457 /* HttpService.swift in Sources */,
				117A19B72452184D00F50457 /* MovieModel.swift in Sources */,
				11EE844B2446F2A2000B3158 /* SceneDelegate.swift in Sources */,
				11463DB6244706AC0057F498 /* Logger.swift in Sources */,
				11463DC2244708200057F498 /* Storyboarded.swift in Sources */,
				11463DB82447073E0057F498 /* BaseCoordinator.swift in Sources */,
				117A19B42452180C00F50457 /* SearchMovieService.swift in Sources */,
				11463DB32447063B0057F498 /* Coordinator.swift in Sources */,
				11EE845E2446F86F000B3158 /* SearchMovieViewModel.swift in Sources */,
				117A19AF245211D400F50457 /* SearchMovieHttpRouter.swift in Sources */,
				117A19B2245217D600F50457 /* SearchMovideAPI.swift in Sources */,
				117A19AD2452111100F50457 /* RequesterService.swift in Sources */,
			);
			runOnlyForDeploymentPostprocessing = 0;
		};
/* End PBXSourcesBuildPhase section */

/* Begin PBXVariantGroup section */
		11EE844E2446F2A2000B3158 /* SearchMovieViewController.storyboard */ = {
			isa = PBXVariantGroup;
			children = (
				11EE844F2446F2A2000B3158 /* Base */,
			);
			name = SearchMovieViewController.storyboard;
			sourceTree = "<group>";
		};
		11EE84532446F2A3000B3158 /* LaunchScreen.storyboard */ = {
			isa = PBXVariantGroup;
			children = (
				11EE84542446F2A3000B3158 /* Base */,
			);
			name = LaunchScreen.storyboard;
			sourceTree = "<group>";
		};
/* End PBXVariantGroup section */

/* Begin XCBuildConfiguration section */
		11EE84572446F2A3000B3158 /* Debug */ = {
			isa = XCBuildConfiguration;
			buildSettings = {
				ALWAYS_SEARCH_USER_PATHS = NO;
				CLANG_ANALYZER_NONNULL = YES;
				CLANG_ANALYZER_NUMBER_OBJECT_CONVERSION = YES_AGGRESSIVE;
				CLANG_CXX_LANGUAGE_STANDARD = "gnu++14";
				CLANG_CXX_LIBRARY = "libc++";
				CLANG_ENABLE_MODULES = YES;
				CLANG_ENABLE_OBJC_ARC = YES;
				CLANG_ENABLE_OBJC_WEAK = YES;
				CLANG_WARN_BLOCK_CAPTURE_AUTORELEASING = YES;
				CLANG_WARN_BOOL_CONVERSION = YES;
				CLANG_WARN_COMMA = YES;
				CLANG_WARN_CONSTANT_CONVERSION = YES;
				CLANG_WARN_DEPRECATED_OBJC_IMPLEMENTATIONS = YES;
				CLANG_WARN_DIRECT_OBJC_ISA_USAGE = YES_ERROR;
				CLANG_WARN_DOCUMENTATION_COMMENTS = YES;
				CLANG_WARN_EMPTY_BODY = YES;
				CLANG_WARN_ENUM_CONVERSION = YES;
				CLANG_WARN_INFINITE_RECURSION = YES;
				CLANG_WARN_INT_CONVERSION = YES;
				CLANG_WARN_NON_LITERAL_NULL_CONVERSION = YES;
				CLANG_WARN_OBJC_IMPLICIT_RETAIN_SELF = YES;
				CLANG_WARN_OBJC_LITERAL_CONVERSION = YES;
				CLANG_WARN_OBJC_ROOT_CLASS = YES_ERROR;
				CLANG_WARN_RANGE_LOOP_ANALYSIS = YES;
				CLANG_WARN_STRICT_PROTOTYPES = YES;
				CLANG_WARN_SUSPICIOUS_MOVE = YES;
				CLANG_WARN_UNGUARDED_AVAILABILITY = YES_AGGRESSIVE;
				CLANG_WARN_UNREACHABLE_CODE = YES;
				CLANG_WARN__DUPLICATE_METHOD_MATCH = YES;
				COPY_PHASE_STRIP = NO;
				DEBUG_INFORMATION_FORMAT = dwarf;
				ENABLE_STRICT_OBJC_MSGSEND = YES;
				ENABLE_TESTABILITY = YES;
				GCC_C_LANGUAGE_STANDARD = gnu11;
				GCC_DYNAMIC_NO_PIC = NO;
				GCC_NO_COMMON_BLOCKS = YES;
				GCC_OPTIMIZATION_LEVEL = 0;
				GCC_PREPROCESSOR_DEFINITIONS = (
					"DEBUG=1",
					"$(inherited)",
				);
				GCC_WARN_64_TO_32_BIT_CONVERSION = YES;
				GCC_WARN_ABOUT_RETURN_TYPE = YES_ERROR;
				GCC_WARN_UNDECLARED_SELECTOR = YES;
				GCC_WARN_UNINITIALIZED_AUTOS = YES_AGGRESSIVE;
				GCC_WARN_UNUSED_FUNCTION = YES;
				GCC_WARN_UNUSED_VARIABLE = YES;
				IPHONEOS_DEPLOYMENT_TARGET = 13.1;
				MTL_ENABLE_DEBUG_INFO = INCLUDE_SOURCE;
				MTL_FAST_MATH = YES;
				ONLY_ACTIVE_ARCH = YES;
				SDKROOT = iphoneos;
				SWIFT_ACTIVE_COMPILATION_CONDITIONS = DEBUG;
				SWIFT_OPTIMIZATION_LEVEL = "-Onone";
			};
			name = Debug;
		};
		11EE84582446F2A3000B3158 /* Release */ = {
			isa = XCBuildConfiguration;
			buildSettings = {
				ALWAYS_SEARCH_USER_PATHS = NO;
				CLANG_ANALYZER_NONNULL = YES;
				CLANG_ANALYZER_NUMBER_OBJECT_CONVERSION = YES_AGGRESSIVE;
				CLANG_CXX_LANGUAGE_STANDARD = "gnu++14";
				CLANG_CXX_LIBRARY = "libc++";
				CLANG_ENABLE_MODULES = YES;
				CLANG_ENABLE_OBJC_ARC = YES;
				CLANG_ENABLE_OBJC_WEAK = YES;
				CLANG_WARN_BLOCK_CAPTURE_AUTORELEASING = YES;
				CLANG_WARN_BOOL_CONVERSION = YES;
				CLANG_WARN_COMMA = YES;
				CLANG_WARN_CONSTANT_CONVERSION = YES;
				CLANG_WARN_DEPRECATED_OBJC_IMPLEMENTATIONS = YES;
				CLANG_WARN_DIRECT_OBJC_ISA_USAGE = YES_ERROR;
				CLANG_WARN_DOCUMENTATION_COMMENTS = YES;
				CLANG_WARN_EMPTY_BODY = YES;
				CLANG_WARN_ENUM_CONVERSION = YES;
				CLANG_WARN_INFINITE_RECURSION = YES;
				CLANG_WARN_INT_CONVERSION = YES;
				CLANG_WARN_NON_LITERAL_NULL_CONVERSION = YES;
				CLANG_WARN_OBJC_IMPLICIT_RETAIN_SELF = YES;
				CLANG_WARN_OBJC_LITERAL_CONVERSION = YES;
				CLANG_WARN_OBJC_ROOT_CLASS = YES_ERROR;
				CLANG_WARN_RANGE_LOOP_ANALYSIS = YES;
				CLANG_WARN_STRICT_PROTOTYPES = YES;
				CLANG_WARN_SUSPICIOUS_MOVE = YES;
				CLANG_WARN_UNGUARDED_AVAILABILITY = YES_AGGRESSIVE;
				CLANG_WARN_UNREACHABLE_CODE = YES;
				CLANG_WARN__DUPLICATE_METHOD_MATCH = YES;
				COPY_PHASE_STRIP = NO;
				DEBUG_INFORMATION_FORMAT = "dwarf-with-dsym";
				ENABLE_NS_ASSERTIONS = NO;
				ENABLE_STRICT_OBJC_MSGSEND = YES;
				GCC_C_LANGUAGE_STANDARD = gnu11;
				GCC_NO_COMMON_BLOCKS = YES;
				GCC_WARN_64_TO_32_BIT_CONVERSION = YES;
				GCC_WARN_ABOUT_RETURN_TYPE = YES_ERROR;
				GCC_WARN_UNDECLARED_SELECTOR = YES;
				GCC_WARN_UNINITIALIZED_AUTOS = YES_AGGRESSIVE;
				GCC_WARN_UNUSED_FUNCTION = YES;
				GCC_WARN_UNUSED_VARIABLE = YES;
				IPHONEOS_DEPLOYMENT_TARGET = 13.1;
				MTL_ENABLE_DEBUG_INFO = NO;
				MTL_FAST_MATH = YES;
				SDKROOT = iphoneos;
				SWIFT_COMPILATION_MODE = wholemodule;
				SWIFT_OPTIMIZATION_LEVEL = "-O";
				VALIDATE_PRODUCT = YES;
			};
			name = Release;
		};
		11EE845A2446F2A3000B3158 /* Debug */ = {
			isa = XCBuildConfiguration;
			baseConfigurationReference = 4AEA35AE742082F7CA130A61 /* Pods-SearchMovie.debug.xcconfig */;
			buildSettings = {
				ASSETCATALOG_COMPILER_APPICON_NAME = AppIcon;
				CODE_SIGN_STYLE = Automatic;
				DEVELOPMENT_TEAM = 44B387YQ4J;
				INFOPLIST_FILE = SearchMovie/Info.plist;
				LD_RUNPATH_SEARCH_PATHS = (
					"$(inherited)",
					"@executable_path/Frameworks",
				);
				PRODUCT_BUNDLE_IDENTIFIER = AlexanderKogut.SearchMovie;
				PRODUCT_NAME = "$(TARGET_NAME)";
				SWIFT_VERSION = 5.0;
				TARGETED_DEVICE_FAMILY = 1;
			};
			name = Debug;
		};
		11EE845B2446F2A3000B3158 /* Release */ = {
			isa = XCBuildConfiguration;
			baseConfigurationReference = 1A2FA761FC68C1CF5B32101D /* Pods-SearchMovie.release.xcconfig */;
			buildSettings = {
				ASSETCATALOG_COMPILER_APPICON_NAME = AppIcon;
				CODE_SIGN_STYLE = Automatic;
				DEVELOPMENT_TEAM = 44B387YQ4J;
				INFOPLIST_FILE = SearchMovie/Info.plist;
				LD_RUNPATH_SEARCH_PATHS = (
					"$(inherited)",
					"@executable_path/Frameworks",
				);
				PRODUCT_BUNDLE_IDENTIFIER = AlexanderKogut.SearchMovie;
				PRODUCT_NAME = "$(TARGET_NAME)";
				SWIFT_VERSION = 5.0;
				TARGETED_DEVICE_FAMILY = 1;
			};
			name = Release;
		};
/* End XCBuildConfiguration section */

/* Begin XCConfigurationList section */
		11EE84402446F2A2000B3158 /* Build configuration list for PBXProject "SearchMovie" */ = {
			isa = XCConfigurationList;
			buildConfigurations = (
				11EE84572446F2A3000B3158 /* Debug */,
				11EE84582446F2A3000B3158 /* Release */,
			);
			defaultConfigurationIsVisible = 0;
			defaultConfigurationName = Release;
		};
		11EE84592446F2A3000B3158 /* Build configuration list for PBXNativeTarget "SearchMovie" */ = {
			isa = XCConfigurationList;
			buildConfigurations = (
				11EE845A2446F2A3000B3158 /* Debug */,
				11EE845B2446F2A3000B3158 /* Release */,
			);
			defaultConfigurationIsVisible = 0;
			defaultConfigurationName = Release;
		};
/* End XCConfigurationList section */
	};
	rootObject = 11EE843D2446F2A2000B3158 /* Project object */;
}
